// !$*UTF8*$!
{
	archiveVersion = 1;
	classes = {
	};
	objectVersion = 77;
	objects = {

/* Begin PBXContainerItemProxy section */
		C4B5B8472D31E5C00009DF11 /* PBXContainerItemProxy */ = {
			isa = PBXContainerItemProxy;
			containerPortal = C4B5B82E2D31E5BF0009DF11 /* Project object */;
			proxyType = 1;
			remoteGlobalIDString = C4B5B8352D31E5BF0009DF11;
			remoteInfo = assign1;
		};
		C4B5B8512D31E5C00009DF11 /* PBXContainerItemProxy */ = {
			isa = PBXContainerItemProxy;
			containerPortal = C4B5B82E2D31E5BF0009DF11 /* Project object */;
			proxyType = 1;
			remoteGlobalIDString = C4B5B8352D31E5BF0009DF11;
			remoteInfo = assign1;
		};
/* End PBXContainerItemProxy section */

/* Begin PBXFileReference section */
		C4B5B8362D31E5BF0009DF11 /* assign1.app */ = {isa = PBXFileReference; explicitFileType = wrapper.application; includeInIndex = 0; path = assign1.app; sourceTree = BUILT_PRODUCTS_DIR; };
		C4B5B8462D31E5C00009DF11 /* assign1Tests.xctest */ = {isa = PBXFileReference; explicitFileType = wrapper.cfbundle; includeInIndex = 0; path = assign1Tests.xctest; sourceTree = BUILT_PRODUCTS_DIR; };
		C4B5B8502D31E5C00009DF11 /* assign1UITests.xctest */ = {isa = PBXFileReference; explicitFileType = wrapper.cfbundle; includeInIndex = 0; path = assign1UITests.xctest; sourceTree = BUILT_PRODUCTS_DIR; };
/* End PBXFileReference section */

/* Begin PBXFileSystemSynchronizedRootGroup section */
		C4B5B8382D31E5BF0009DF11 /* assign1 */ = {
			isa = PBXFileSystemSynchronizedRootGroup;
			path = assign1;
			sourceTree = "<group>";
		};
		C4B5B8492D31E5C00009DF11 /* assign1Tests */ = {
			isa = PBXFileSystemSynchronizedRootGroup;
			path = assign1Tests;
			sourceTree = "<group>";
		};
		C4B5B8532D31E5C00009DF11 /* assign1UITests */ = {
			isa = PBXFileSystemSynchronizedRootGroup;
			path = assign1UITests;
			sourceTree = "<group>";
		};
/* End PBXFileSystemSynchronizedRootGroup section */

/* Begin PBXFrameworksBuildPhase section */
		C4B5B8332D31E5BF0009DF11 /* Frameworks */ = {
			isa = PBXFrameworksBuildPhase;
			buildActionMask = 2147483647;
			files = (
			);
			runOnlyForDeploymentPostprocessing = 0;
		};
		C4B5B8432D31E5C00009DF11 /* Frameworks */ = {
			isa = PBXFrameworksBuildPhase;
			buildActionMask = 2147483647;
			files = (
			);
			runOnlyForDeploymentPostprocessing = 0;
		};
		C4B5B84D2D31E5C00009DF11 /* Frameworks */ = {
			isa = PBXFrameworksBuildPhase;
			buildActionMask = 2147483647;
			files = (
			);
			runOnlyForDeploymentPostprocessing = 0;
		};
/* End PBXFrameworksBuildPhase section */

/* Begin PBXGroup section */
		C4B5B82D2D31E5BF0009DF11 = {
			isa = PBXGroup;
			children = (
				C4B5B8382D31E5BF0009DF11 /* assign1 */,
				C4B5B8492D31E5C00009DF11 /* assign1Tests */,
				C4B5B8532D31E5C00009DF11 /* assign1UITests */,
				C4B5B8372D31E5BF0009DF11 /* Products */,
			);
			sourceTree = "<group>";
		};
		C4B5B8372D31E5BF0009DF11 /* Products */ = {
			isa = PBXGroup;
			children = (
				C4B5B8362D31E5BF0009DF11 /* assign1.app */,
				C4B5B8462D31E5C00009DF11 /* assign1Tests.xctest */,
				C4B5B8502D31E5C00009DF11 /* assign1UITests.xctest */,
			);
			name = Products;
			sourceTree = "<group>";
		};
/* End PBXGroup section */

/* Begin PBXNativeTarget section */
		C4B5B8352D31E5BF0009DF11 /* assign1 */ = {
			isa = PBXNativeTarget;
			buildConfigurationList = C4B5B85A2D31E5C00009DF11 /* Build configuration list for PBXNativeTarget "assign1" */;
			buildPhases = (
				C4B5B8322D31E5BF0009DF11 /* Sources */,
				C4B5B8332D31E5BF0009DF11 /* Frameworks */,
				C4B5B8342D31E5BF0009DF11 /* Resources */,
			);
			buildRules = (
			);
			dependencies = (
			);
			fileSystemSynchronizedGroups = (
				C4B5B8382D31E5BF0009DF11 /* assign1 */,
			);
			name = assign1;
			packageProductDependencies = (
			);
			productName = assign1;
			productReference = C4B5B8362D31E5BF0009DF11 /* assign1.app */;
			productType = "com.apple.product-type.application";
		};
		C4B5B8452D31E5C00009DF11 /* assign1Tests */ = {
			isa = PBXNativeTarget;
			buildConfigurationList = C4B5B85D2D31E5C00009DF11 /* Build configuration list for PBXNativeTarget "assign1Tests" */;
			buildPhases = (
				C4B5B8422D31E5C00009DF11 /* Sources */,
				C4B5B8432D31E5C00009DF11 /* Frameworks */,
				C4B5B8442D31E5C00009DF11 /* Resources */,
			);
			buildRules = (
			);
			dependencies = (
				C4B5B8482D31E5C00009DF11 /* PBXTargetDependency */,
			);
			fileSystemSynchronizedGroups = (
				C4B5B8492D31E5C00009DF11 /* assign1Tests */,
			);
			name = assign1Tests;
			packageProductDependencies = (
			);
			productName = assign1Tests;
			productReference = C4B5B8462D31E5C00009DF11 /* assign1Tests.xctest */;
			productType = "com.apple.product-type.bundle.unit-test";
		};
		C4B5B84F2D31E5C00009DF11 /* assign1UITests */ = {
			isa = PBXNativeTarget;
			buildConfigurationList = C4B5B8602D31E5C00009DF11 /* Build configuration list for PBXNativeTarget "assign1UITests" */;
			buildPhases = (
				C4B5B84C2D31E5C00009DF11 /* Sources */,
				C4B5B84D2D31E5C00009DF11 /* Frameworks */,
				C4B5B84E2D31E5C00009DF11 /* Resources */,
			);
			buildRules = (
			);
			dependencies = (
				C4B5B8522D31E5C00009DF11 /* PBXTargetDependency */,
			);
			fileSystemSynchronizedGroups = (
				C4B5B8532D31E5C00009DF11 /* assign1UITests */,
			);
			name = assign1UITests;
			packageProductDependencies = (
			);
			productName = assign1UITests;
			productReference = C4B5B8502D31E5C00009DF11 /* assign1UITests.xctest */;
			productType = "com.apple.product-type.bundle.ui-testing";
		};
/* End PBXNativeTarget section */

/* Begin PBXProject section */
		C4B5B82E2D31E5BF0009DF11 /* Project object */ = {
			isa = PBXProject;
			attributes = {
				BuildIndependentTargetsInParallel = 1;
				LastSwiftUpdateCheck = 1620;
				LastUpgradeCheck = 1620;
				TargetAttributes = {
					C4B5B8352D31E5BF0009DF11 = {
						CreatedOnToolsVersion = 16.2;
					};
					C4B5B8452D31E5C00009DF11 = {
						CreatedOnToolsVersion = 16.2;
						TestTargetID = C4B5B8352D31E5BF0009DF11;
					};
					C4B5B84F2D31E5C00009DF11 = {
						CreatedOnToolsVersion = 16.2;
						TestTargetID = C4B5B8352D31E5BF0009DF11;
					};
				};
			};
			buildConfigurationList = C4B5B8312D31E5BF0009DF11 /* Build configuration list for PBXProject "assign1" */;
			developmentRegion = en;
			hasScannedForEncodings = 0;
			knownRegions = (
				en,
				Base,
			);
			mainGroup = C4B5B82D2D31E5BF0009DF11;
			minimizedProjectReferenceProxies = 1;
			preferredProjectObjectVersion = 77;
			productRefGroup = C4B5B8372D31E5BF0009DF11 /* Products */;
			projectDirPath = "";
			projectRoot = "";
			targets = (
				C4B5B8352D31E5BF0009DF11 /* assign1 */,
				C4B5B8452D31E5C00009DF11 /* assign1Tests */,
				C4B5B84F2D31E5C00009DF11 /* assign1UITests */,
			);
		};
/* End PBXProject section */

/* Begin PBXResourcesBuildPhase section */
		C4B5B8342D31E5BF0009DF11 /* Resources */ = {
			isa = PBXResourcesBuildPhase;
			buildActionMask = 2147483647;
			files = (
			);
			runOnlyForDeploymentPostprocessing = 0;
		};
		C4B5B8442D31E5C00009DF11 /* Resources */ = {
			isa = PBXResourcesBuildPhase;
			buildActionMask = 2147483647;
			files = (
			);
			runOnlyForDeploymentPostprocessing = 0;
		};
		C4B5B84E2D31E5C00009DF11 /* Resources */ = {
			isa = PBXResourcesBuildPhase;
			buildActionMask = 2147483647;
			files = (
			);
			runOnlyForDeploymentPostprocessing = 0;
		};
/* End PBXResourcesBuildPhase section */

/* Begin PBXSourcesBuildPhase section */
		C4B5B8322D31E5BF0009DF11 /* Sources */ = {
			isa = PBXSourcesBuildPhase;
			buildActionMask = 2147483647;
			files = (
			);
			runOnlyForDeploymentPostprocessing = 0;
		};
		C4B5B8422D31E5C00009DF11 /* Sources */ = {
			isa = PBXSourcesBuildPhase;
			buildActionMask = 2147483647;
			files = (
			);
			runOnlyForDeploymentPostprocessing = 0;
		};
		C4B5B84C2D31E5C00009DF11 /* Sources */ = {
			isa = PBXSourcesBuildPhase;
			buildActionMask = 2147483647;
			files = (
			);
			runOnlyForDeploymentPostprocessing = 0;
		};
/* End PBXSourcesBuildPhase section */

/* Begin PBXTargetDependency section */
		C4B5B8482D31E5C00009DF11 /* PBXTargetDependency */ = {
			isa = PBXTargetDependency;
			target = C4B5B8352D31E5BF0009DF11 /* assign1 */;
			targetProxy = C4B5B8472D31E5C00009DF11 /* PBXContainerItemProxy */;
		};
		C4B5B8522D31E5C00009DF11 /* PBXTargetDependency */ = {
			isa = PBXTargetDependency;
			target = C4B5B8352D31E5BF0009DF11 /* assign1 */;
			targetProxy = C4B5B8512D31E5C00009DF11 /* PBXContainerItemProxy */;
		};
/* End PBXTargetDependency section */

/* Begin XCBuildConfiguration section */
		C4B5B8582D31E5C00009DF11 /* Debug */ = {
			isa = XCBuildConfiguration;
			buildSettings = {
				ALWAYS_SEARCH_USER_PATHS = NO;
				ASSETCATALOG_COMPILER_GENERATE_SWIFT_ASSET_SYMBOL_EXTENSIONS = YES;
				CLANG_ANALYZER_NONNULL = YES;
				CLANG_ANALYZER_NUMBER_OBJECT_CONVERSION = YES_AGGRESSIVE;
				CLANG_CXX_LANGUAGE_STANDARD = "gnu++20";
				CLANG_ENABLE_MODULES = YES;
				CLANG_ENABLE_OBJC_ARC = YES;
				CLANG_ENABLE_OBJC_WEAK = YES;
				CLANG_WARN_BLOCK_CAPTURE_AUTORELEASING = YES;
				CLANG_WARN_BOOL_CONVERSION = YES;
				CLANG_WARN_COMMA = YES;
				CLANG_WARN_CONSTANT_CONVERSION = YES;
				CLANG_WARN_DEPRECATED_OBJC_IMPLEMENTATIONS = YES;
				CLANG_WARN_DIRECT_OBJC_ISA_USAGE = YES_ERROR;
				CLANG_WARN_DOCUMENTATION_COMMENTS = YES;
				CLANG_WARN_EMPTY_BODY = YES;
				CLANG_WARN_ENUM_CONVERSION = YES;
				CLANG_WARN_INFINITE_RECURSION = YES;
				CLANG_WARN_INT_CONVERSION = YES;
				CLANG_WARN_NON_LITERAL_NULL_CONVERSION = YES;
				CLANG_WARN_OBJC_IMPLICIT_RETAIN_SELF = YES;
				CLANG_WARN_OBJC_LITERAL_CONVERSION = YES;
				CLANG_WARN_OBJC_ROOT_CLASS = YES_ERROR;
				CLANG_WARN_QUOTED_INCLUDE_IN_FRAMEWORK_HEADER = YES;
				CLANG_WARN_RANGE_LOOP_ANALYSIS = YES;
				CLANG_WARN_STRICT_PROTOTYPES = YES;
				CLANG_WARN_SUSPICIOUS_MOVE = YES;
				CLANG_WARN_UNGUARDED_AVAILABILITY = YES_AGGRESSIVE;
				CLANG_WARN_UNREACHABLE_CODE = YES;
				CLANG_WARN__DUPLICATE_METHOD_MATCH = YES;
				COPY_PHASE_STRIP = NO;
				DEBUG_INFORMATION_FORMAT = dwarf;
				ENABLE_STRICT_OBJC_MSGSEND = YES;
				ENABLE_TESTABILITY = YES;
				ENABLE_USER_SCRIPT_SANDBOXING = YES;
				GCC_C_LANGUAGE_STANDARD = gnu17;
				GCC_DYNAMIC_NO_PIC = NO;
				GCC_NO_COMMON_BLOCKS = YES;
				GCC_OPTIMIZATION_LEVEL = 0;
				GCC_PREPROCESSOR_DEFINITIONS = (
					"DEBUG=1",
					"$(inherited)",
				);
				GCC_WARN_64_TO_32_BIT_CONVERSION = YES;
				GCC_WARN_ABOUT_RETURN_TYPE = YES_ERROR;
				GCC_WARN_UNDECLARED_SELECTOR = YES;
				GCC_WARN_UNINITIALIZED_AUTOS = YES_AGGRESSIVE;
				GCC_WARN_UNUSED_FUNCTION = YES;
				GCC_WARN_UNUSED_VARIABLE = YES;
				IPHONEOS_DEPLOYMENT_TARGET = 18.2;
				LOCALIZATION_PREFERS_STRING_CATALOGS = YES;
				MTL_ENABLE_DEBUG_INFO = INCLUDE_SOURCE;
				MTL_FAST_MATH = YES;
				ONLY_ACTIVE_ARCH = YES;
				SDKROOT = iphoneos;
				SWIFT_ACTIVE_COMPILATION_CONDITIONS = "DEBUG $(inherited)";
				SWIFT_OPTIMIZATION_LEVEL = "-Onone";
			};
			name = Debug;
		};
		C4B5B8592D31E5C00009DF11 /* Release */ = {
			isa = XCBuildConfiguration;
			buildSettings = {
				ALWAYS_SEARCH_USER_PATHS = NO;
				ASSETCATALOG_COMPILER_GENERATE_SWIFT_ASSET_SYMBOL_EXTENSIONS = YES;
				CLANG_ANALYZER_NONNULL = YES;
				CLANG_ANALYZER_NUMBER_OBJECT_CONVERSION = YES_AGGRESSIVE;
				CLANG_CXX_LANGUAGE_STANDARD = "gnu++20";
				CLANG_ENABLE_MODULES = YES;
				CLANG_ENABLE_OBJC_ARC = YES;
				CLANG_ENABLE_OBJC_WEAK = YES;
				CLANG_WARN_BLOCK_CAPTURE_AUTORELEASING = YES;
				CLANG_WARN_BOOL_CONVERSION = YES;
				CLANG_WARN_COMMA = YES;
				CLANG_WARN_CONSTANT_CONVERSION = YES;
				CLANG_WARN_DEPRECATED_OBJC_IMPLEMENTATIONS = YES;
				CLANG_WARN_DIRECT_OBJC_ISA_USAGE = YES_ERROR;
				CLANG_WARN_DOCUMENTATION_COMMENTS = YES;
				CLANG_WARN_EMPTY_BODY = YES;
				CLANG_WARN_ENUM_CONVERSION = YES;
				CLANG_WARN_INFINITE_RECURSION = YES;
				CLANG_WARN_INT_CONVERSION = YES;
				CLANG_WARN_NON_LITERAL_NULL_CONVERSION = YES;
				CLANG_WARN_OBJC_IMPLICIT_RETAIN_SELF = YES;
				CLANG_WARN_OBJC_LITERAL_CONVERSION = YES;
				CLANG_WARN_OBJC_ROOT_CLASS = YES_ERROR;
				CLANG_WARN_QUOTED_INCLUDE_IN_FRAMEWORK_HEADER = YES;
				CLANG_WARN_RANGE_LOOP_ANALYSIS = YES;
				CLANG_WARN_STRICT_PROTOTYPES = YES;
				CLANG_WARN_SUSPICIOUS_MOVE = YES;
				CLANG_WARN_UNGUARDED_AVAILABILITY = YES_AGGRESSIVE;
				CLANG_WARN_UNREACHABLE_CODE = YES;
				CLANG_WARN__DUPLICATE_METHOD_MATCH = YES;
				COPY_PHASE_STRIP = NO;
				DEBUG_INFORMATION_FORMAT = "dwarf-with-dsym";
				ENABLE_NS_ASSERTIONS = NO;
				ENABLE_STRICT_OBJC_MSGSEND = YES;
				ENABLE_USER_SCRIPT_SANDBOXING = YES;
				GCC_C_LANGUAGE_STANDARD = gnu17;
				GCC_NO_COMMON_BLOCKS = YES;
				GCC_WARN_64_TO_32_BIT_CONVERSION = YES;
				GCC_WARN_ABOUT_RETURN_TYPE = YES_ERROR;
				GCC_WARN_UNDECLARED_SELECTOR = YES;
				GCC_WARN_UNINITIALIZED_AUTOS = YES_AGGRESSIVE;
				GCC_WARN_UNUSED_FUNCTION = YES;
				GCC_WARN_UNUSED_VARIABLE = YES;
				IPHONEOS_DEPLOYMENT_TARGET = 18.2;
				LOCALIZATION_PREFERS_STRING_CATALOGS = YES;
				MTL_ENABLE_DEBUG_INFO = NO;
				MTL_FAST_MATH = YES;
				SDKROOT = iphoneos;
				SWIFT_COMPILATION_MODE = wholemodule;
				VALIDATE_PRODUCT = YES;
			};
			name = Release;
		};
		C4B5B85B2D31E5C00009DF11 /* Debug */ = {
			isa = XCBuildConfiguration;
			buildSettings = {
				ASSETCATALOG_COMPILER_APPICON_NAME = AppIcon;
				ASSETCATALOG_COMPILER_GLOBAL_ACCENT_COLOR_NAME = AccentColor;
				CODE_SIGN_STYLE = Automatic;
				CURRENT_PROJECT_VERSION = 1;
				DEVELOPMENT_ASSET_PATHS = "\"assign1/Preview Content\"";
				ENABLE_PREVIEWS = YES;
				GENERATE_INFOPLIST_FILE = YES;
				INFOPLIST_KEY_UIApplicationSceneManifest_Generation = YES;
				INFOPLIST_KEY_UIApplicationSupportsIndirectInputEvents = YES;
				INFOPLIST_KEY_UILaunchScreen_Generation = YES;
				INFOPLIST_KEY_UISupportedInterfaceOrientations_iPad = "UIInterfaceOrientationPortrait UIInterfaceOrientationPortraitUpsideDown UIInterfaceOrientationLandscapeLeft UIInterfaceOrientationLandscapeRight";
				INFOPLIST_KEY_UISupportedInterfaceOrientations_iPhone = "UIInterfaceOrientationPortrait UIInterfaceOrientationLandscapeLeft UIInterfaceOrientationLandscapeRight";
				LD_RUNPATH_SEARCH_PATHS = (
					"$(inherited)",
					"@executable_path/Frameworks",
				);
				MARKETING_VERSION = 1.0;
				PRODUCT_BUNDLE_IDENTIFIER = dusixian.assign1;
				PRODUCT_NAME = "$(TARGET_NAME)";
				SWIFT_EMIT_LOC_STRINGS = YES;
				SWIFT_VERSION = 5.0;
				TARGETED_DEVICE_FAMILY = "1,2";
			};
			name = Debug;
		};
		C4B5B85C2D31E5C00009DF11 /* Release */ = {
			isa = XCBuildConfiguration;
			buildSettings = {
				ASSETCATALOG_COMPILER_APPICON_NAME = AppIcon;
				ASSETCATALOG_COMPILER_GLOBAL_ACCENT_COLOR_NAME = AccentColor;
				CODE_SIGN_STYLE = Automatic;
				CURRENT_PROJECT_VERSION = 1;
				DEVELOPMENT_ASSET_PATHS = "\"assign1/Preview Content\"";
				ENABLE_PREVIEWS = YES;
				GENERATE_INFOPLIST_FILE = YES;
				INFOPLIST_KEY_UIApplicationSceneManifest_Generation = YES;
				INFOPLIST_KEY_UIApplicationSupportsIndirectInputEvents = YES;
				INFOPLIST_KEY_UILaunchScreen_Generation = YES;
				INFOPLIST_KEY_UISupportedInterfaceOrientations_iPad = "UIInterfaceOrientationPortrait UIInterfaceOrientationPortraitUpsideDown UIInterfaceOrientationLandscapeLeft UIInterfaceOrientationLandscapeRight";
				INFOPLIST_KEY_UISupportedInterfaceOrientations_iPhone = "UIInterfaceOrientationPortrait UIInterfaceOrientationLandscapeLeft UIInterfaceOrientationLandscapeRight";
				LD_RUNPATH_SEARCH_PATHS = (
					"$(inherited)",
					"@executable_path/Frameworks",
				);
				MARKETING_VERSION = 1.0;
				PRODUCT_BUNDLE_IDENTIFIER = dusixian.assign1;
				PRODUCT_NAME = "$(TARGET_NAME)";
				SWIFT_EMIT_LOC_STRINGS = YES;
				SWIFT_VERSION = 5.0;
				TARGETED_DEVICE_FAMILY = "1,2";
			};
			name = Release;
		};
		C4B5B85E2D31E5C00009DF11 /* Debug */ = {
			isa = XCBuildConfiguration;
			buildSettings = {
				BUNDLE_LOADER = "$(TEST_HOST)";
				CODE_SIGN_STYLE = Automatic;
				CURRENT_PROJECT_VERSION = 1;
				GENERATE_INFOPLIST_FILE = YES;
				IPHONEOS_DEPLOYMENT_TARGET = 18.2;
				MARKETING_VERSION = 1.0;
				PRODUCT_BUNDLE_IDENTIFIER = dusixian.assign1Tests;
				PRODUCT_NAME = "$(TARGET_NAME)";
				SWIFT_EMIT_LOC_STRINGS = NO;
				SWIFT_VERSION = 5.0;
				TARGETED_DEVICE_FAMILY = "1,2";
				TEST_HOST = "$(BUILT_PRODUCTS_DIR)/assign1.app/$(BUNDLE_EXECUTABLE_FOLDER_PATH)/assign1";
			};
			name = Debug;
		};
		C4B5B85F2D31E5C00009DF11 /* Release */ = {
			isa = XCBuildConfiguration;
			buildSettings = {
				BUNDLE_LOADER = "$(TEST_HOST)";
				CODE_SIGN_STYLE = Automatic;
				CURRENT_PROJECT_VERSION = 1;
				GENERATE_INFOPLIST_FILE = YES;
				IPHONEOS_DEPLOYMENT_TARGET = 18.2;
				MARKETING_VERSION = 1.0;
				PRODUCT_BUNDLE_IDENTIFIER = dusixian.assign1Tests;
				PRODUCT_NAME = "$(TARGET_NAME)";
				SWIFT_EMIT_LOC_STRINGS = NO;
				SWIFT_VERSION = 5.0;
				TARGETED_DEVICE_FAMILY = "1,2";
				TEST_HOST = "$(BUILT_PRODUCTS_DIR)/assign1.app/$(BUNDLE_EXECUTABLE_FOLDER_PATH)/assign1";
			};
			name = Release;
		};
		C4B5B8612D31E5C00009DF11 /* Debug */ = {
			isa = XCBuildConfiguration;
			buildSettings = {
				CODE_SIGN_STYLE = Automatic;
				CURRENT_PROJECT_VERSION = 1;
				GENERATE_INFOPLIST_FILE = YES;
				MARKETING_VERSION = 1.0;
				PRODUCT_BUNDLE_IDENTIFIER = dusixian.assign1UITests;
				PRODUCT_NAME = "$(TARGET_NAME)";
				SWIFT_EMIT_LOC_STRINGS = NO;
				SWIFT_VERSION = 5.0;
				TARGETED_DEVICE_FAMILY = "1,2";
				TEST_TARGET_NAME = assign1;
			};
			name = Debug;
		};
		C4B5B8622D31E5C00009DF11 /* Release */ = {
			isa = XCBuildConfiguration;
			buildSettings = {
				CODE_SIGN_STYLE = Automatic;
				CURRENT_PROJECT_VERSION = 1;
				GENERATE_INFOPLIST_FILE = YES;
				MARKETING_VERSION = 1.0;
				PRODUCT_BUNDLE_IDENTIFIER = dusixian.assign1UITests;
				PRODUCT_NAME = "$(TARGET_NAME)";
				SWIFT_EMIT_LOC_STRINGS = NO;
				SWIFT_VERSION = 5.0;
				TARGETED_DEVICE_FAMILY = "1,2";
				TEST_TARGET_NAME = assign1;
			};
			name = Release;
		};
/* End XCBuildConfiguration section */

/* Begin XCConfigurationList section */
		C4B5B8312D31E5BF0009DF11 /* Build configuration list for PBXProject "assign1" */ = {
			isa = XCConfigurationList;
			buildConfigurations = (
				C4B5B8582D31E5C00009DF11 /* Debug */,
				C4B5B8592D31E5C00009DF11 /* Release */,
			);
			defaultConfigurationIsVisible = 0;
			defaultConfigurationName = Release;
		};
		C4B5B85A2D31E5C00009DF11 /* Build configuration list for PBXNativeTarget "assign1" */ = {
			isa = XCConfigurationList;
			buildConfigurations = (
				C4B5B85B2D31E5C00009DF11 /* Debug */,
				C4B5B85C2D31E5C00009DF11 /* Release */,
			);
			defaultConfigurationIsVisible = 0;
			defaultConfigurationName = Release;
		};
		C4B5B85D2D31E5C00009DF11 /* Build configuration list for PBXNativeTarget "assign1Tests" */ = {
			isa = XCConfigurationList;
			buildConfigurations = (
				C4B5B85E2D31E5C00009DF11 /* Debug */,
				C4B5B85F2D31E5C00009DF11 /* Release */,
			);
			defaultConfigurationIsVisible = 0;
			defaultConfigurationName = Release;
		};
		C4B5B8602D31E5C00009DF11 /* Build configuration list for PBXNativeTarget "assign1UITests" */ = {
			isa = XCConfigurationList;
			buildConfigurations = (
				C4B5B8612D31E5C00009DF11 /* Debug */,
				C4B5B8622D31E5C00009DF11 /* Release */,
			);
			defaultConfigurationIsVisible = 0;
			defaultConfigurationName = Release;
		};
/* End XCConfigurationList section */
	};
	rootObject = C4B5B82E2D31E5BF0009DF11 /* Project object */;
}
